
Microsoft Visual Studio Solution File, Format Version 12.00
# Visual Studio 15
VisualStudioVersion = 15.0.28307.168
MinimumVisualStudioVersion = 10.0.40219.1
Project("{FAE04EC0-301F-11D3-BF4B-00C04F79EFBC}") = "M183 - SSO", "M183 - SSO\M183 - SSO.csproj", "{909BA729-46DD-45A6-B9B1-79704F6606FC}"
EndProject
Global
	GlobalSection(SolutionConfigurationPlatforms) = preSolution
		Debug|Any CPU = Debug|Any CPU
		Release|Any CPU = Release|Any CPU
	EndGlobalSection
	GlobalSection(ProjectConfigurationPlatforms) = postSolution
		{909BA729-46DD-45A6-B9B1-79704F6606FC}.Debug|Any CPU.ActiveCfg = Debug|Any CPU
		{909BA729-46DD-45A6-B9B1-79704F6606FC}.Debug|Any CPU.Build.0 = Debug|Any CPU
		{909BA729-46DD-45A6-B9B1-79704F6606FC}.Release|Any CPU.ActiveCfg = Release|Any CPU
		{909BA729-46DD-45A6-B9B1-79704F6606FC}.Release|Any CPU.Build.0 = Release|Any CPU
	EndGlobalSection
	GlobalSection(SolutionProperties) = preSolution
		HideSolutionNode = FALSE
	EndGlobalSection
	GlobalSection(ExtensibilityGlobals) = postSolution
		SolutionGuid = {2C6E7FCB-412D-4AFE-BEF2-0AF389B41156}
	EndGlobalSection
EndGlobal
